
Microsoft Visual Studio Solution File, Format Version 12.00
# Visual Studio Version 16
VisualStudioVersion = 16.0.31911.196
MinimumVisualStudioVersion = 10.0.40219.1
Project("{FAE04EC0-301F-11D3-BF4B-00C04F79EFBC}") = "Entities", "Entities\Entities.csproj", "{C3918A1E-655D-446F-9493-5EAFA0EDB9D8}"
EndProject
Project("{FAE04EC0-301F-11D3-BF4B-00C04F79EFBC}") = "Business", "Business\Business.csproj", "{7BE0B285-D0E4-4C84-A371-B393349C9D13}"
EndProject
Project("{FAE04EC0-301F-11D3-BF4B-00C04F79EFBC}") = "Core", "Core\Core.csproj", "{A6590D3F-AC7B-4E87-B33F-79E4B27A0926}"
EndProject
Project("{FAE04EC0-301F-11D3-BF4B-00C04F79EFBC}") = "DataAccess", "DataAccess\DataAccess.csproj", "{6BB17189-0B5E-4BF2-94B5-58E9C7308770}"
EndProject
Project("{FAE04EC0-301F-11D3-BF4B-00C04F79EFBC}") = "WebAPI", "WebAPI\WebAPI.csproj", "{E8167C17-FA3A-45FA-A8E1-A0E3613E49EF}"
EndProject
Global
	GlobalSection(SolutionConfigurationPlatforms) = preSolution
		Debug|Any CPU = Debug|Any CPU
		Release|Any CPU = Release|Any CPU
	EndGlobalSection
	GlobalSection(ProjectConfigurationPlatforms) = postSolution
		{C3918A1E-655D-446F-9493-5EAFA0EDB9D8}.Debug|Any CPU.ActiveCfg = Debug|Any CPU
		{C3918A1E-655D-446F-9493-5EAFA0EDB9D8}.Debug|Any CPU.Build.0 = Debug|Any CPU
		{C3918A1E-655D-446F-9493-5EAFA0EDB9D8}.Release|Any CPU.ActiveCfg = Release|Any CPU
		{C3918A1E-655D-446F-9493-5EAFA0EDB9D8}.Release|Any CPU.Build.0 = Release|Any CPU
		{7BE0B285-D0E4-4C84-A371-B393349C9D13}.Debug|Any CPU.ActiveCfg = Debug|Any CPU
		{7BE0B285-D0E4-4C84-A371-B393349C9D13}.Debug|Any CPU.Build.0 = Debug|Any CPU
		{7BE0B285-D0E4-4C84-A371-B393349C9D13}.Release|Any CPU.ActiveCfg = Release|Any CPU
		{7BE0B285-D0E4-4C84-A371-B393349C9D13}.Release|Any CPU.Build.0 = Release|Any CPU
		{A6590D3F-AC7B-4E87-B33F-79E4B27A0926}.Debug|Any CPU.ActiveCfg = Debug|Any CPU
		{A6590D3F-AC7B-4E87-B33F-79E4B27A0926}.Debug|Any CPU.Build.0 = Debug|Any CPU
		{A6590D3F-AC7B-4E87-B33F-79E4B27A0926}.Release|Any CPU.ActiveCfg = Release|Any CPU
		{A6590D3F-AC7B-4E87-B33F-79E4B27A0926}.Release|Any CPU.Build.0 = Release|Any CPU
		{6BB17189-0B5E-4BF2-94B5-58E9C7308770}.Debug|Any CPU.ActiveCfg = Debug|Any CPU
		{6BB17189-0B5E-4BF2-94B5-58E9C7308770}.Debug|Any CPU.Build.0 = Debug|Any CPU
		{6BB17189-0B5E-4BF2-94B5-58E9C7308770}.Release|Any CPU.ActiveCfg = Release|Any CPU
		{6BB17189-0B5E-4BF2-94B5-58E9C7308770}.Release|Any CPU.Build.0 = Release|Any CPU
		{E8167C17-FA3A-45FA-A8E1-A0E3613E49EF}.Debug|Any CPU.ActiveCfg = Debug|Any CPU
		{E8167C17-FA3A-45FA-A8E1-A0E3613E49EF}.Debug|Any CPU.Build.0 = Debug|Any CPU
		{E8167C17-FA3A-45FA-A8E1-A0E3613E49EF}.Release|Any CPU.ActiveCfg = Release|Any CPU
		{E8167C17-FA3A-45FA-A8E1-A0E3613E49EF}.Release|Any CPU.Build.0 = Release|Any CPU
	EndGlobalSection
	GlobalSection(SolutionProperties) = preSolution
		HideSolutionNode = FALSE
	EndGlobalSection
	GlobalSection(ExtensibilityGlobals) = postSolution
		SolutionGuid = {99C68716-991A-4728-8CC7-7B32492FACEF}
	EndGlobalSection
EndGlobal
